<?xml version="1.0" encoding="utf-8"?>
<Project ToolsVersion="4.0" xmlns="http://schemas.microsoft.com/developer/msbuild/2003">
  <ItemGroup>
    <Filter Include="Source Files">
      <UniqueIdentifier>{4FC737F1-C7A5-4376-A066-2A32D752A2FF}</UniqueIdentifier>
      <Extensions>cpp;c;cc;cxx;def;odl;idl;hpj;bat;asm;asmx</Extensions>
    </Filter>
    <Filter Include="Header Files">
      <UniqueIdentifier>{93995380-89BD-4b04-88EB-625FBE52EBFB}</UniqueIdentifier>
      <Extensions>h;hh;hpp;hxx;hm;inl;inc;xsd</Extensions>
    </Filter>
    <Filter Include="Resource Files">
      <UniqueIdentifier>{67DA6AB6-F800-4c08-8B7A-83BB121AAD01}</UniqueIdentifier>
      <Extensions>rc;ico;cur;bmp;dlg;rc2;rct;bin;rgs;gif;jpg;jpeg;jpe;resx;tiff;tif;png;wav;mfcribbon-ms</Extensions>
    </Filter>
  </ItemGroup>
  <ItemGroup>
    <ClCompile Include="MatrixManipulation.cpp">
      <Filter>Source Files</Filter>
    </ClCompile>
    <ClCompile Include="ReadObj.cpp">
      <Filter>Source Files</Filter>
    </ClCompile>
    <ClCompile Include="WriteObj.cpp">
      <Filter>Source Files</Filter>
    </ClCompile>
    <ClCompile Include="GenerateSemBasis.cpp">
      <Filter>Source Files</Filter>
    </ClCompile>
    <ClCompile Include="DoPCA.cpp">
      <Filter>Source Files</Filter>
    </ClCompile>
    <ClCompile Include="Upright.cpp">
      <Filter>Source Files</Filter>
    </ClCompile>
    <ClCompile Include="DecodeRelativeRotation.cpp">
      <Filter>Source Files</Filter>
    </ClCompile>
    <ClCompile Include="EncodeRelativeRotation.cpp">
      <Filter>Source Files</Filter>
    </ClCompile>
    <ClCompile Include="Main.cpp">
      <Filter>Source Files</Filter>
    </ClCompile>
    <ClCompile Include="MorphTo.cpp">
      <Filter>Source Files</Filter>
    </ClCompile>
    <ClCompile Include="EncodeModel.cpp">
      <Filter>Source Files</Filter>
    </ClCompile>
    <ClCompile Include="DecodeTranslation.cpp">
      <Filter>Source Files</Filter>
    </ClCompile>
  </ItemGroup>
  <ItemGroup>
    <ClInclude Include="EncodeModel.h">
      <Filter>Header Files</Filter>
    </ClInclude>
  </ItemGroup>
  <ItemGroup>
    <Text Include="out.txt">
      <Filter>Resource Files</Filter>
    </Text>
    <Text Include="in.txt">
      <Filter>Resource Files</Filter>
    </Text>
  </ItemGroup>
  <ItemGroup>
    <None Include="data\avg.dat">
      <Filter>Resource Files</Filter>
    </None>
    <None Include="data\C.dat">
      <Filter>Resource Files</Filter>
    </None>
    <None Include="data\neigh.dat">
      <Filter>Resource Files</Filter>
    </None>
    <None Include="data\projected.dat">
      <Filter>Resource Files</Filter>
    </None>
    <None Include="data\reconmean.dat">
      <Filter>Resource Files</Filter>
    </None>
    <None Include="data\decodedrot.dat">
      <Filter>Resource Files</Filter>
    </None>
    <None Include="data\encoded.dat">
      <Filter>Resource Files</Filter>
    </None>
    <None Include="data\faces.dat">
      <Filter>Resource Files</Filter>
    </None>
    <None Include="data\modelout.dat">
      <Filter>Resource Files</Filter>
    </None>
    <None Include="data\semdata.dat">
      <Filter>Resource Files</Filter>
    </None>
    <None Include="data\coeffs.dat">
      <Filter>Resource Files</Filter>
    </None>
  </ItemGroup>
</Project>